
Microsoft Visual Studio Solution File, Format Version 12.00
# Visual Studio Version 17
VisualStudioVersion = 17.10.35013.160
MinimumVisualStudioVersion = 10.0.40219.1
Project("{2150E333-8FDC-42A3-9474-1A3956D46DE8}") = "Services", "Services", "{41160683-8DB2-4689-AD57-B13EBE64CD8C}"
EndProject
Project("{2150E333-8FDC-42A3-9474-1A3956D46DE8}") = "Catalog", "Catalog", "{A0BAF6A9-35F7-4984-B9DC-DFA7DB370DC3}"
EndProject
Project("{FAE04EC0-301F-11D3-BF4B-00C04F79EFBC}") = "MultiShop.Catalog", "Services\Catalog\MultiShop.Catalog\MultiShop.Catalog.csproj", "{9634192F-0C15-4F78-98BF-96073EC180F1}"
EndProject
Global
	GlobalSection(SolutionConfigurationPlatforms) = preSolution
		Debug|Any CPU = Debug|Any CPU
		Release|Any CPU = Release|Any CPU
	EndGlobalSection
	GlobalSection(ProjectConfigurationPlatforms) = postSolution
		{9634192F-0C15-4F78-98BF-96073EC180F1}.Debug|Any CPU.ActiveCfg = Debug|Any CPU
		{9634192F-0C15-4F78-98BF-96073EC180F1}.Debug|Any CPU.Build.0 = Debug|Any CPU
		{9634192F-0C15-4F78-98BF-96073EC180F1}.Release|Any CPU.ActiveCfg = Release|Any CPU
		{9634192F-0C15-4F78-98BF-96073EC180F1}.Release|Any CPU.Build.0 = Release|Any CPU
	EndGlobalSection
	GlobalSection(SolutionProperties) = preSolution
		HideSolutionNode = FALSE
	EndGlobalSection
	GlobalSection(NestedProjects) = preSolution
		{A0BAF6A9-35F7-4984-B9DC-DFA7DB370DC3} = {41160683-8DB2-4689-AD57-B13EBE64CD8C}
		{9634192F-0C15-4F78-98BF-96073EC180F1} = {A0BAF6A9-35F7-4984-B9DC-DFA7DB370DC3}
	EndGlobalSection
	GlobalSection(ExtensibilityGlobals) = postSolution
		SolutionGuid = {B0997559-E1FD-48C6-8BA1-88AFDFD16356}
	EndGlobalSection
EndGlobal
